
Microsoft Visual Studio Solution File, Format Version 12.00
# Visual Studio 14
VisualStudioVersion = 14.0.25123.0
MinimumVisualStudioVersion = 10.0.40219.1
Project("{888888A0-9F3D-457C-B088-3A5042F75D52}") = "spInDP", "spInDP\spInDP.pyproj", "{ADA7B2B0-020E-4EDA-8216-55803918C517}"
EndProject
Project("{2150E333-8FDC-42A3-9474-1A3956D46DE8}") = "Solution Items", "Solution Items", "{76AA797B-C953-4D20-8081-A3FF4DCCEC76}"
	ProjectSection(SolutionItems) = preProject
		spInDP.py = spInDP.py
	EndProjectSection
EndProject
Project("{2150E333-8FDC-42A3-9474-1A3956D46DE8}") = "sequences", "sequences", "{A11692CC-EF91-47C0-98EE-D9DF57CD5991}"
	ProjectSection(SolutionItems) = preProject
		sequences\startup.txt = sequences\startup.txt
		sequences\test-all-servo.txt = sequences\test-all-servo.txt
		sequences\walk-all-legs.txt = sequences\walk-all-legs.txt
		sequences\walk.txt = sequences\walk.txt
	EndProjectSection
EndProject
Project("{888888A0-9F3D-457C-B088-3A5042F75D52}") = "spInDP.Tests", "spInDP.Tests\spInDP.Tests.pyproj", "{D6BEB988-535C-4552-A771-5D1474759EA6}"
EndProject
Global
	GlobalSection(SolutionConfigurationPlatforms) = preSolution
		Debug|Any CPU = Debug|Any CPU
		Release|Any CPU = Release|Any CPU
	EndGlobalSection
	GlobalSection(ProjectConfigurationPlatforms) = postSolution
		{ADA7B2B0-020E-4EDA-8216-55803918C517}.Debug|Any CPU.ActiveCfg = Debug|Any CPU
		{ADA7B2B0-020E-4EDA-8216-55803918C517}.Release|Any CPU.ActiveCfg = Release|Any CPU
		{D6BEB988-535C-4552-A771-5D1474759EA6}.Debug|Any CPU.ActiveCfg = Debug|Any CPU
		{D6BEB988-535C-4552-A771-5D1474759EA6}.Release|Any CPU.ActiveCfg = Release|Any CPU
	EndGlobalSection
	GlobalSection(SolutionProperties) = preSolution
		HideSolutionNode = FALSE
	EndGlobalSection
EndGlobal
